<?xml version="1.0" encoding="utf-8"?>
<Project ToolsVersion="4.0" xmlns="http://schemas.microsoft.com/developer/msbuild/2003">
  <ItemGroup>
    <Filter Include="Source Files">
      <UniqueIdentifier>{4FC737F1-C7A5-4376-A066-2A32D752A2FF}</UniqueIdentifier>
      <Extensions>cpp;c;cc;cxx;c++;cppm;ixx;def;odl;idl;hpj;bat;asm;asmx</Extensions>
    </Filter>
    <Filter Include="Header Files">
      <UniqueIdentifier>{93995380-89BD-4b04-88EB-625FBE52EBFB}</UniqueIdentifier>
      <Extensions>h;hh;hpp;hxx;h++;hm;inl;inc;ipp;xsd</Extensions>
    </Filter>
    <Filter Include="Resource Files">
      <UniqueIdentifier>{67DA6AB6-F800-4c08-8B7A-83BB121AAD01}</UniqueIdentifier>
      <Extensions>rc;ico;cur;bmp;dlg;rc2;rct;bin;rgs;gif;jpg;jpeg;jpe;resx;tiff;tif;png;wav;mfcribbon-ms</Extensions>
    </Filter>
    <Filter Include="Header Files\Engine">
      <UniqueIdentifier>{0f28a51a-660a-481f-9310-82cf9ef2dec9}</UniqueIdentifier>
    </Filter>
    <Filter Include="Header Files\Engine\Window">
      <UniqueIdentifier>{6eb4b3d2-5a29-4f78-9097-f7d78ac2fc46}</UniqueIdentifier>
    </Filter>
    <Filter Include="Source Files\Engine">
      <UniqueIdentifier>{d9cbd89a-4b83-41e8-b6ec-528032d72e48}</UniqueIdentifier>
    </Filter>
    <Filter Include="Source Files\Engine\Window">
      <UniqueIdentifier>{8e01c478-113f-4622-b42c-ff6304f39f19}</UniqueIdentifier>
    </Filter>
    <Filter Include="Header Files\Engine\Window\Graphics">
      <UniqueIdentifier>{e82511a0-d835-4685-a0a3-f5afd148c8d3}</UniqueIdentifier>
    </Filter>
    <Filter Include="Source Files\Engine\Window\Graphics">
      <UniqueIdentifier>{ad499c84-77c7-4969-8576-8a51a3901be0}</UniqueIdentifier>
    </Filter>
    <Filter Include="Header Files\Engine\Window\Graphics\DXERR">
      <UniqueIdentifier>{f1ece317-16a2-4ac5-a1ff-409a047882e7}</UniqueIdentifier>
    </Filter>
    <Filter Include="Source Files\Engine\Window\Graphics\DXERR">
      <UniqueIdentifier>{f69b4b77-516c-4e74-be4c-9276b5becb33}</UniqueIdentifier>
    </Filter>
    <Filter Include="Header Files\Engine\Window\Graphics\Shader">
      <UniqueIdentifier>{e2788197-68b0-4018-85fd-3151862ab3c7}</UniqueIdentifier>
    </Filter>
    <Filter Include="Header Files\Engine\Window\Graphics\Bindable">
      <UniqueIdentifier>{bef8e3ce-3635-4b13-b833-9237e7f457c0}</UniqueIdentifier>
    </Filter>
    <Filter Include="Header Files\Engine\Window\Graphics\Drawable">
      <UniqueIdentifier>{daa4eac0-130c-46ee-8a58-f5751a9434c5}</UniqueIdentifier>
    </Filter>
    <Filter Include="Source Files\Engine\Window\Graphics\Bindable">
      <UniqueIdentifier>{8144c57c-11bc-48e2-a86b-520ac4f73701}</UniqueIdentifier>
    </Filter>
    <Filter Include="Source Files\Engine\Window\Graphics\Drawable">
      <UniqueIdentifier>{c0243cb1-6be2-4d68-ab9f-5b67fd766e57}</UniqueIdentifier>
    </Filter>
    <Filter Include="Header Files\Engine\Window\Graphics\imgui">
      <UniqueIdentifier>{969dda12-d4fe-45ac-9b84-7941f8451fff}</UniqueIdentifier>
    </Filter>
    <Filter Include="Source Files\Engine\Window\Graphics\imgui">
      <UniqueIdentifier>{20b287c4-3f49-42de-ba9d-c426b6f5257a}</UniqueIdentifier>
    </Filter>
    <Filter Include="Source Files\Engine\Window\Graphics\imgui\core">
      <UniqueIdentifier>{c5c54639-a9f4-489a-b57f-47ed4e2bf5ca}</UniqueIdentifier>
    </Filter>
    <Filter Include="Header Files\Engine\Window\Graphics\imgui\core">
      <UniqueIdentifier>{b7be9e7d-785b-4dd0-bb62-cc1fccfa4252}</UniqueIdentifier>
    </Filter>
    <Filter Include="Header Files\Engine\Assimp">
      <UniqueIdentifier>{8a482b20-aa89-4848-9970-0c714584a2e0}</UniqueIdentifier>
    </Filter>
    <Filter Include="Header Files\Engine\Assimp\dll%28s%29">
      <UniqueIdentifier>{f7ef3853-5c76-464d-8013-4e3fae81855b}</UniqueIdentifier>
    </Filter>
    <Filter Include="Scrap Bin">
      <UniqueIdentifier>{ff1705f0-b3e6-4c0a-ae65-392310f3212b}</UniqueIdentifier>
    </Filter>
    <Filter Include="Header Files\Engine\Window\Graphics\Drawable\Objects">
      <UniqueIdentifier>{bb8e147f-b404-450b-ac19-10e0074dcf8c}</UniqueIdentifier>
    </Filter>
    <Filter Include="Header Files\Engine\Window\Graphics\Drawable\Objects\Lights">
      <UniqueIdentifier>{05cc6b64-c879-41d5-90ef-f3f5fb03a087}</UniqueIdentifier>
    </Filter>
    <Filter Include="Header Files\Engine\Window\Graphics\Drawable\Objects\Geometric Primatives">
      <UniqueIdentifier>{9fa60148-bdb8-45a7-bcd2-09ee0bac1451}</UniqueIdentifier>
    </Filter>
    <Filter Include="Source Files\Engine\Window\Graphics\Drawable\Objects">
      <UniqueIdentifier>{b216c793-c6bf-4d13-9ea4-f9b8fa4297c2}</UniqueIdentifier>
    </Filter>
    <Filter Include="Source Files\Engine\Window\Graphics\Drawable\Objects\Lights">
      <UniqueIdentifier>{cc0011a4-4c89-4726-86d5-8d0d63284a9e}</UniqueIdentifier>
    </Filter>
    <Filter Include="Header Files\Engine\Window\Graphics\Helper Headers">
      <UniqueIdentifier>{1c8f0f90-e5bc-46e4-b2e5-a84b26ad2bb5}</UniqueIdentifier>
    </Filter>
    <Filter Include="Source Files\Engine\Window\Event Handlers">
      <UniqueIdentifier>{94e4e0ac-f968-4e3c-83a7-a6fd35cf865a}</UniqueIdentifier>
    </Filter>
    <Filter Include="Header Files\Engine\Window\Event Handlers">
      <UniqueIdentifier>{eeceb734-049b-4bad-ade6-acf2a51d4fa0}</UniqueIdentifier>
    </Filter>
    <Filter Include="Header Files\Engine\Utils">
      <UniqueIdentifier>{ce01c4fe-cece-4ac4-8d45-f4e76552213c}</UniqueIdentifier>
    </Filter>
    <Filter Include="Source Files\Engine\Utils">
      <UniqueIdentifier>{58437e5f-8a43-4176-b97b-6b6937b21e7f}</UniqueIdentifier>
    </Filter>
  </ItemGroup>
  <ItemGroup>
    <ClCompile Include="App.cpp">
      <Filter>Source Files</Filter>
    </ClCompile>
    <ClCompile Include="Window.cpp">
      <Filter>Source Files\Engine\Window</Filter>
    </ClCompile>
    <ClCompile Include="WinMain.cpp">
      <Filter>Source Files\Engine\Window</Filter>
    </ClCompile>
    <ClCompile Include="Graphics.cpp">
      <Filter>Source Files\Engine\Window\Graphics</Filter>
    </ClCompile>
    <ClCompile Include="DxgiInfoManager.cpp">
      <Filter>Source Files\Engine\Window\Graphics</Filter>
    </ClCompile>
    <ClCompile Include="dxerr.cpp">
      <Filter>Source Files\Engine\Window\Graphics\DXERR</Filter>
    </ClCompile>
    <ClCompile Include="Bindable.cpp">
      <Filter>Source Files\Engine\Window\Graphics\Bindable</Filter>
    </ClCompile>
    <ClCompile Include="IndexBuffer.cpp">
      <Filter>Source Files\Engine\Window\Graphics\Bindable</Filter>
    </ClCompile>
    <ClCompile Include="InputLayout.cpp">
      <Filter>Source Files\Engine\Window\Graphics\Bindable</Filter>
    </ClCompile>
    <ClCompile Include="PixelShader.cpp">
      <Filter>Source Files\Engine\Window\Graphics\Bindable</Filter>
    </ClCompile>
    <ClCompile Include="Topology.cpp">
      <Filter>Source Files\Engine\Window\Graphics\Bindable</Filter>
    </ClCompile>
    <ClCompile Include="TransformCbuf.cpp">
      <Filter>Source Files\Engine\Window\Graphics\Bindable</Filter>
    </ClCompile>
    <ClCompile Include="VertexBuffer.cpp">
      <Filter>Source Files\Engine\Window\Graphics\Bindable</Filter>
    </ClCompile>
    <ClCompile Include="VertexShader.cpp">
      <Filter>Source Files\Engine\Window\Graphics\Bindable</Filter>
    </ClCompile>
    <ClCompile Include="Drawable.cpp">
      <Filter>Source Files\Engine\Window\Graphics\Drawable</Filter>
    </ClCompile>
    <ClCompile Include="WndInfo.cpp">
      <Filter>Source Files\Engine\Window</Filter>
    </ClCompile>
    <ClCompile Include="GDIPlusManager.cpp">
      <Filter>Source Files\Engine\Window\Graphics</Filter>
    </ClCompile>
    <ClCompile Include="Sampler.cpp">
      <Filter>Source Files\Engine\Window\Graphics\Bindable</Filter>
    </ClCompile>
    <ClCompile Include="Texture.cpp">
      <Filter>Source Files\Engine\Window\Graphics\Bindable</Filter>
    </ClCompile>
    <ClCompile Include="imgui\imgui.cpp">
      <Filter>Source Files\Engine\Window\Graphics\imgui\core</Filter>
    </ClCompile>
    <ClCompile Include="imgui\imgui_demo.cpp">
      <Filter>Source Files\Engine\Window\Graphics\imgui\core</Filter>
    </ClCompile>
    <ClCompile Include="imgui\imgui_draw.cpp">
      <Filter>Source Files\Engine\Window\Graphics\imgui\core</Filter>
    </ClCompile>
    <ClCompile Include="imgui\imgui_tables.cpp">
      <Filter>Source Files\Engine\Window\Graphics\imgui\core</Filter>
    </ClCompile>
    <ClCompile Include="imgui\imgui_widgets.cpp">
      <Filter>Source Files\Engine\Window\Graphics\imgui\core</Filter>
    </ClCompile>
    <ClCompile Include="imgui\imgui_impl_win32.cpp">
      <Filter>Source Files\Engine\Window\Graphics\imgui</Filter>
    </ClCompile>
    <ClCompile Include="imgui\imgui_impl_dx11.cpp">
      <Filter>Source Files\Engine\Window\Graphics\imgui</Filter>
    </ClCompile>
    <ClCompile Include="ImguiManager.cpp">
      <Filter>Source Files\Engine\Window\Graphics\imgui</Filter>
    </ClCompile>
    <ClCompile Include="Camera.cpp">
      <Filter>Source Files\Engine\Window\Graphics</Filter>
    </ClCompile>
    <ClCompile Include="PointLight.cpp">
      <Filter>Source Files\Engine\Window\Graphics\Drawable\Objects\Lights</Filter>
    </ClCompile>
    <ClCompile Include="Mesh.cpp">
      <Filter>Source Files\Engine\Window\Graphics\Drawable</Filter>
    </ClCompile>
    <ClCompile Include="AssTest.cpp">
      <Filter>Source Files\Engine\Window\Graphics\Drawable\Objects</Filter>
    </ClCompile>
    <ClCompile Include="SolidSphere.cpp">
      <Filter>Source Files\Engine\Window\Graphics\Drawable\Objects</Filter>
    </ClCompile>
    <ClCompile Include="Surface.cpp">
      <Filter>Source Files\Engine\Window\Graphics\Drawable</Filter>
    </ClCompile>
    <ClCompile Include="Vertex.cpp">
      <Filter>Source Files\Engine\Window\Graphics\Drawable</Filter>
    </ClCompile>
    <ClCompile Include="Keyboard.cpp">
      <Filter>Source Files\Engine\Window\Event Handlers</Filter>
    </ClCompile>
    <ClCompile Include="Mouse.cpp">
      <Filter>Source Files\Engine\Window\Event Handlers</Filter>
    </ClCompile>
    <ClCompile Include="SkyeException.cpp">
      <Filter>Source Files\Engine\Utils</Filter>
    </ClCompile>
    <ClCompile Include="SkyenetTimer.cpp">
      <Filter>Source Files\Engine\Utils</Filter>
    </ClCompile>
  </ItemGroup>
  <ItemGroup>
    <ClInclude Include="Window.h">
      <Filter>Header Files\Engine\Window</Filter>
    </ClInclude>
    <ClInclude Include="resource.h">
      <Filter>Header Files\Engine</Filter>
    </ClInclude>
    <ClInclude Include="App.h">
      <Filter>Header Files\Engine</Filter>
    </ClInclude>
    <ClInclude Include="SkyeWin.h">
      <Filter>Header Files\Engine\Window</Filter>
    </ClInclude>
    <ClInclude Include="Graphics.h">
      <Filter>Header Files\Engine\Window\Graphics</Filter>
    </ClInclude>
    <ClInclude Include="DxgiInfoManager.h">
      <Filter>Header Files\Engine\Window\Graphics</Filter>
    </ClInclude>
    <ClInclude Include="dxerr.h">
      <Filter>Header Files\Engine\Window\Graphics\DXERR</Filter>
    </ClInclude>
    <ClInclude Include="Bindable.h">
      <Filter>Header Files\Engine\Window\Graphics\Bindable</Filter>
    </ClInclude>
    <ClInclude Include="Drawable.h">
      <Filter>Header Files\Engine\Window\Graphics\Drawable</Filter>
    </ClInclude>
    <ClInclude Include="BindableCommon.h">
      <Filter>Header Files\Engine\Window\Graphics\Bindable</Filter>
    </ClInclude>
    <ClInclude Include="ConstantBuffers.h">
      <Filter>Header Files\Engine\Window\Graphics\Bindable</Filter>
    </ClInclude>
    <ClInclude Include="IndexBuffer.h">
      <Filter>Header Files\Engine\Window\Graphics\Bindable</Filter>
    </ClInclude>
    <ClInclude Include="InputLayout.h">
      <Filter>Header Files\Engine\Window\Graphics\Bindable</Filter>
    </ClInclude>
    <ClInclude Include="PixelShader.h">
      <Filter>Header Files\Engine\Window\Graphics\Bindable</Filter>
    </ClInclude>
    <ClInclude Include="Topology.h">
      <Filter>Header Files\Engine\Window\Graphics\Bindable</Filter>
    </ClInclude>
    <ClInclude Include="TransformCbuf.h">
      <Filter>Header Files\Engine\Window\Graphics\Bindable</Filter>
    </ClInclude>
    <ClInclude Include="VertexBuffer.h">
      <Filter>Header Files\Engine\Window\Graphics\Bindable</Filter>
    </ClInclude>
    <ClInclude Include="VertexShader.h">
      <Filter>Header Files\Engine\Window\Graphics\Bindable</Filter>
    </ClInclude>
    <ClInclude Include="DrawableBase.h">
      <Filter>Header Files\Engine\Window\Graphics\Drawable</Filter>
    </ClInclude>
    <ClInclude Include="IndexedTriangleList.h">
      <Filter>Header Files\Engine\Window\Graphics\Drawable</Filter>
    </ClInclude>
    <ClInclude Include="Cube.h">
      <Filter>Header Files\Engine\Window\Graphics\Drawable\Objects\Geometric Primatives</Filter>
    </ClInclude>
    <ClInclude Include="Plane.h">
      <Filter>Header Files\Engine\Window\Graphics\Drawable\Objects\Geometric Primatives</Filter>
    </ClInclude>
    <ClInclude Include="Prism.h">
      <Filter>Header Files\Engine\Window\Graphics\Drawable\Objects\Geometric Primatives</Filter>
    </ClInclude>
    <ClInclude Include="Sphere.h">
      <Filter>Header Files\Engine\Window\Graphics\Drawable\Objects\Geometric Primatives</Filter>
    </ClInclude>
    <ClInclude Include="Cone.h">
      <Filter>Header Files\Engine\Window\Graphics\Drawable\Objects\Geometric Primatives</Filter>
    </ClInclude>
    <ClInclude Include="WndInfo.h">
      <Filter>Header Files\Engine\Window</Filter>
    </ClInclude>
    <ClInclude Include="GDIPlusManager.h">
      <Filter>Header Files\Engine\Window\Graphics</Filter>
    </ClInclude>
    <ClInclude Include="Sampler.h">
      <Filter>Header Files\Engine\Window\Graphics\Bindable</Filter>
    </ClInclude>
    <ClInclude Include="Texture.h">
      <Filter>Header Files\Engine\Window\Graphics\Bindable</Filter>
    </ClInclude>
    <ClInclude Include="imgui\imconfig.h">
      <Filter>Header Files\Engine\Window\Graphics\imgui\core</Filter>
    </ClInclude>
    <ClInclude Include="imgui\imgui.h">
      <Filter>Header Files\Engine\Window\Graphics\imgui\core</Filter>
    </ClInclude>
    <ClInclude Include="imgui\imgui_internal.h">
      <Filter>Header Files\Engine\Window\Graphics\imgui\core</Filter>
    </ClInclude>
    <ClInclude Include="imgui\imstb_rectpack.h">
      <Filter>Header Files\Engine\Window\Graphics\imgui\core</Filter>
    </ClInclude>
    <ClInclude Include="imgui\imstb_textedit.h">
      <Filter>Header Files\Engine\Window\Graphics\imgui\core</Filter>
    </ClInclude>
    <ClInclude Include="imgui\imstb_truetype.h">
      <Filter>Header Files\Engine\Window\Graphics\imgui\core</Filter>
    </ClInclude>
    <ClInclude Include="imgui\imgui_impl_dx11.h">
      <Filter>Header Files\Engine\Window\Graphics\imgui</Filter>
    </ClInclude>
    <ClInclude Include="imgui\imgui_impl_win32.h">
      <Filter>Header Files\Engine\Window\Graphics\imgui</Filter>
    </ClInclude>
    <ClInclude Include="ImguiManager.h">
      <Filter>Header Files\Engine\Window\Graphics\imgui</Filter>
    </ClInclude>
    <ClInclude Include="Camera.h">
      <Filter>Header Files\Engine\Window\Graphics</Filter>
    </ClInclude>
    <ClInclude Include="PointLight.h">
      <Filter>Header Files\Engine\Window\Graphics\Drawable\Objects\Lights</Filter>
    </ClInclude>
    <ClInclude Include="assimp\include\assimp\ai_assert.h">
      <Filter>Header Files\Engine\Assimp</Filter>
    </ClInclude>
    <ClInclude Include="assimp\include\assimp\anim.h">
      <Filter>Header Files\Engine\Assimp</Filter>
    </ClInclude>
    <ClInclude Include="assimp\include\assimp\BaseImporter.h">
      <Filter>Header Files\Engine\Assimp</Filter>
    </ClInclude>
    <ClInclude Include="assimp\include\assimp\Bitmap.h">
      <Filter>Header Files\Engine\Assimp</Filter>
    </ClInclude>
    <ClInclude Include="assimp\include\assimp\BlobIOSystem.h">
      <Filter>Header Files\Engine\Assimp</Filter>
    </ClInclude>
    <ClInclude Include="assimp\include\assimp\ByteSwapper.h">
      <Filter>Header Files\Engine\Assimp</Filter>
    </ClInclude>
    <ClInclude Include="assimp\include\assimp\camera.h">
      <Filter>Header Files\Engine\Assimp</Filter>
    </ClInclude>
    <ClInclude Include="assimp\include\assimp\cexport.h">
      <Filter>Header Files\Engine\Assimp</Filter>
    </ClInclude>
    <ClInclude Include="assimp\include\assimp\cfileio.h">
      <Filter>Header Files\Engine\Assimp</Filter>
    </ClInclude>
    <ClInclude Include="assimp\include\assimp\cimport.h">
      <Filter>Header Files\Engine\Assimp</Filter>
    </ClInclude>
    <ClInclude Include="assimp\include\assimp\color4.h">
      <Filter>Header Files\Engine\Assimp</Filter>
    </ClInclude>
    <ClInclude Include="assimp\include\assimp\Compiler\poppack1.h">
      <Filter>Header Files\Engine\Assimp</Filter>
    </ClInclude>
    <ClInclude Include="assimp\include\assimp\Compiler\pstdint.h">
      <Filter>Header Files\Engine\Assimp</Filter>
    </ClInclude>
    <ClInclude Include="assimp\include\assimp\Compiler\pushpack1.h">
      <Filter>Header Files\Engine\Assimp</Filter>
    </ClInclude>
    <ClInclude Include="assimp\include\assimp\config.h">
      <Filter>Header Files\Engine\Assimp</Filter>
    </ClInclude>
    <ClInclude Include="assimp\include\assimp\CreateAnimMesh.h">
      <Filter>Header Files\Engine\Assimp</Filter>
    </ClInclude>
    <ClInclude Include="assimp\include\assimp\DefaultIOStream.h">
      <Filter>Header Files\Engine\Assimp</Filter>
    </ClInclude>
    <ClInclude Include="assimp\include\assimp\DefaultIOSystem.h">
      <Filter>Header Files\Engine\Assimp</Filter>
    </ClInclude>
    <ClInclude Include="assimp\include\assimp\DefaultLogger.hpp">
      <Filter>Header Files\Engine\Assimp</Filter>
    </ClInclude>
    <ClInclude Include="assimp\include\assimp\Defines.h">
      <Filter>Header Files\Engine\Assimp</Filter>
    </ClInclude>
    <ClInclude Include="assimp\include\assimp\defs.h">
      <Filter>Header Files\Engine\Assimp</Filter>
    </ClInclude>
    <ClInclude Include="assimp\include\assimp\Exceptional.h">
      <Filter>Header Files\Engine\Assimp</Filter>
    </ClInclude>
    <ClInclude Include="assimp\include\assimp\Exporter.hpp">
      <Filter>Header Files\Engine\Assimp</Filter>
    </ClInclude>
    <ClInclude Include="assimp\include\assimp\fast_atof.h">
      <Filter>Header Files\Engine\Assimp</Filter>
    </ClInclude>
    <ClInclude Include="assimp\include\assimp\GenericProperty.h">
      <Filter>Header Files\Engine\Assimp</Filter>
    </ClInclude>
    <ClInclude Include="assimp\include\assimp\Hash.h">
      <Filter>Header Files\Engine\Assimp</Filter>
    </ClInclude>
    <ClInclude Include="assimp\include\assimp\Importer.hpp">
      <Filter>Header Files\Engine\Assimp</Filter>
    </ClInclude>
    <ClInclude Include="assimp\include\assimp\importerdesc.h">
      <Filter>Header Files\Engine\Assimp</Filter>
    </ClInclude>
    <ClInclude Include="assimp\include\assimp\IOStream.hpp">
      <Filter>Header Files\Engine\Assimp</Filter>
    </ClInclude>
    <ClInclude Include="assimp\include\assimp\IOStreamBuffer.h">
      <Filter>Header Files\Engine\Assimp</Filter>
    </ClInclude>
    <ClInclude Include="assimp\include\assimp\IOSystem.hpp">
      <Filter>Header Files\Engine\Assimp</Filter>
    </ClInclude>
    <ClInclude Include="assimp\include\assimp\irrXMLWrapper.h">
      <Filter>Header Files\Engine\Assimp</Filter>
    </ClInclude>
    <ClInclude Include="assimp\include\assimp\light.h">
      <Filter>Header Files\Engine\Assimp</Filter>
    </ClInclude>
    <ClInclude Include="assimp\include\assimp\LineSplitter.h">
      <Filter>Header Files\Engine\Assimp</Filter>
    </ClInclude>
    <ClInclude Include="assimp\include\assimp\LogAux.h">
      <Filter>Header Files\Engine\Assimp</Filter>
    </ClInclude>
    <ClInclude Include="assimp\include\assimp\Logger.hpp">
      <Filter>Header Files\Engine\Assimp</Filter>
    </ClInclude>
    <ClInclude Include="assimp\include\assimp\LogStream.hpp">
      <Filter>Header Files\Engine\Assimp</Filter>
    </ClInclude>
    <ClInclude Include="assimp\include\assimp\Macros.h">
      <Filter>Header Files\Engine\Assimp</Filter>
    </ClInclude>
    <ClInclude Include="assimp\include\assimp\material.h">
      <Filter>Header Files\Engine\Assimp</Filter>
    </ClInclude>
    <ClInclude Include="assimp\include\assimp\MathFunctions.h">
      <Filter>Header Files\Engine\Assimp</Filter>
    </ClInclude>
    <ClInclude Include="assimp\include\assimp\matrix3x3.h">
      <Filter>Header Files\Engine\Assimp</Filter>
    </ClInclude>
    <ClInclude Include="assimp\include\assimp\matrix4x4.h">
      <Filter>Header Files\Engine\Assimp</Filter>
    </ClInclude>
    <ClInclude Include="assimp\include\assimp\MemoryIOWrapper.h">
      <Filter>Header Files\Engine\Assimp</Filter>
    </ClInclude>
    <ClInclude Include="assimp\include\assimp\mesh.h">
      <Filter>Header Files\Engine\Assimp</Filter>
    </ClInclude>
    <ClInclude Include="assimp\include\assimp\metadata.h">
      <Filter>Header Files\Engine\Assimp</Filter>
    </ClInclude>
    <ClInclude Include="assimp\include\assimp\NullLogger.hpp">
      <Filter>Header Files\Engine\Assimp</Filter>
    </ClInclude>
    <ClInclude Include="assimp\include\assimp\ParsingUtils.h">
      <Filter>Header Files\Engine\Assimp</Filter>
    </ClInclude>
    <ClInclude Include="assimp\include\assimp\pbrmaterial.h">
      <Filter>Header Files\Engine\Assimp</Filter>
    </ClInclude>
    <ClInclude Include="assimp\include\assimp\port\AndroidJNI\AndroidJNIIOSystem.h">
      <Filter>Header Files\Engine\Assimp</Filter>
    </ClInclude>
    <ClInclude Include="assimp\include\assimp\postprocess.h">
      <Filter>Header Files\Engine\Assimp</Filter>
    </ClInclude>
    <ClInclude Include="assimp\include\assimp\Profiler.h">
      <Filter>Header Files\Engine\Assimp</Filter>
    </ClInclude>
    <ClInclude Include="assimp\include\assimp\ProgressHandler.hpp">
      <Filter>Header Files\Engine\Assimp</Filter>
    </ClInclude>
    <ClInclude Include="assimp\include\assimp\qnan.h">
      <Filter>Header Files\Engine\Assimp</Filter>
    </ClInclude>
    <ClInclude Include="assimp\include\assimp\quaternion.h">
      <Filter>Header Files\Engine\Assimp</Filter>
    </ClInclude>
    <ClInclude Include="assimp\include\assimp\RemoveComments.h">
      <Filter>Header Files\Engine\Assimp</Filter>
    </ClInclude>
    <ClInclude Include="assimp\include\assimp\scene.h">
      <Filter>Header Files\Engine\Assimp</Filter>
    </ClInclude>
    <ClInclude Include="assimp\include\assimp\SceneCombiner.h">
      <Filter>Header Files\Engine\Assimp</Filter>
    </ClInclude>
    <ClInclude Include="assimp\include\assimp\SGSpatialSort.h">
      <Filter>Header Files\Engine\Assimp</Filter>
    </ClInclude>
    <ClInclude Include="assimp\include\assimp\SkeletonMeshBuilder.h">
      <Filter>Header Files\Engine\Assimp</Filter>
    </ClInclude>
    <ClInclude Include="assimp\include\assimp\SmoothingGroups.h">
      <Filter>Header Files\Engine\Assimp</Filter>
    </ClInclude>
    <ClInclude Include="assimp\include\assimp\SpatialSort.h">
      <Filter>Header Files\Engine\Assimp</Filter>
    </ClInclude>
    <ClInclude Include="assimp\include\assimp\StandardShapes.h">
      <Filter>Header Files\Engine\Assimp</Filter>
    </ClInclude>
    <ClInclude Include="assimp\include\assimp\StreamReader.h">
      <Filter>Header Files\Engine\Assimp</Filter>
    </ClInclude>
    <ClInclude Include="assimp\include\assimp\StreamWriter.h">
      <Filter>Header Files\Engine\Assimp</Filter>
    </ClInclude>
    <ClInclude Include="assimp\include\assimp\StringComparison.h">
      <Filter>Header Files\Engine\Assimp</Filter>
    </ClInclude>
    <ClInclude Include="assimp\include\assimp\StringUtils.h">
      <Filter>Header Files\Engine\Assimp</Filter>
    </ClInclude>
    <ClInclude Include="assimp\include\assimp\Subdivision.h">
      <Filter>Header Files\Engine\Assimp</Filter>
    </ClInclude>
    <ClInclude Include="assimp\include\assimp\texture.h">
      <Filter>Header Files\Engine\Assimp</Filter>
    </ClInclude>
    <ClInclude Include="assimp\include\assimp\TinyFormatter.h">
      <Filter>Header Files\Engine\Assimp</Filter>
    </ClInclude>
    <ClInclude Include="assimp\include\assimp\types.h">
      <Filter>Header Files\Engine\Assimp</Filter>
    </ClInclude>
    <ClInclude Include="assimp\include\assimp\vector2.h">
      <Filter>Header Files\Engine\Assimp</Filter>
    </ClInclude>
    <ClInclude Include="assimp\include\assimp\vector3.h">
      <Filter>Header Files\Engine\Assimp</Filter>
    </ClInclude>
    <ClInclude Include="assimp\include\assimp\version.h">
      <Filter>Header Files\Engine\Assimp</Filter>
    </ClInclude>
    <ClInclude Include="assimp\include\assimp\Vertex.h">
      <Filter>Header Files\Engine\Assimp</Filter>
    </ClInclude>
    <ClInclude Include="assimp\include\assimp\XMLTools.h">
      <Filter>Header Files\Engine\Assimp</Filter>
    </ClInclude>
    <ClInclude Include="Mesh.h">
      <Filter>Header Files\Engine\Window\Graphics\Drawable</Filter>
    </ClInclude>
    <ClInclude Include="Surface.h">
      <Filter>Header Files\Engine\Window\Graphics\Drawable</Filter>
    </ClInclude>
    <ClInclude Include="Vertex.h">
      <Filter>Header Files\Engine\Window\Graphics\Drawable</Filter>
    </ClInclude>
    <ClInclude Include="AssTest.h">
      <Filter>Header Files\Engine\Window\Graphics\Drawable\Objects</Filter>
    </ClInclude>
    <ClInclude Include="SolidSphere.h">
      <Filter>Header Files\Engine\Window\Graphics\Drawable\Objects</Filter>
    </ClInclude>
    <ClInclude Include="TestObject.h">
      <Filter>Header Files\Engine\Window\Graphics\Drawable\Objects</Filter>
    </ClInclude>
    <ClInclude Include="ConditionalNoexcept.h">
      <Filter>Header Files\Engine\Window\Graphics\Helper Headers</Filter>
    </ClInclude>
    <ClInclude Include="SkyeWRL.h">
      <Filter>Header Files\Engine\Window\Graphics\Helper Headers</Filter>
    </ClInclude>
    <ClInclude Include="GraphicsExceptionMacros.h">
      <Filter>Header Files\Engine\Window\Graphics\Helper Headers</Filter>
    </ClInclude>
    <ClInclude Include="Color.h">
      <Filter>Header Files\Engine\Window\Graphics\Drawable</Filter>
    </ClInclude>
    <ClInclude Include="Keyboard.h">
      <Filter>Header Files\Engine\Window\Event Handlers</Filter>
    </ClInclude>
    <ClInclude Include="Mouse.h">
      <Filter>Header Files\Engine\Window\Event Handlers</Filter>
    </ClInclude>
    <ClInclude Include="SkyenetException.h">
      <Filter>Header Files\Engine\Utils</Filter>
    </ClInclude>
    <ClInclude Include="SkyeMath.h">
      <Filter>Header Files\Engine\Utils</Filter>
    </ClInclude>
    <ClInclude Include="SkyenetTimer.h">
      <Filter>Header Files\Engine\Utils</Filter>
    </ClInclude>
  </ItemGroup>
  <ItemGroup>
    <ResourceCompile Include="Experimental 3D.rc">
      <Filter>Resource Files</Filter>
    </ResourceCompile>
  </ItemGroup>
  <ItemGroup>
    <Image Include="..\..\..\..\Downloads\icon.ico">
      <Filter>Resource Files</Filter>
    </Image>
  </ItemGroup>
  <ItemGroup>
    <None Include="DXGetErrorString.inl">
      <Filter>Header Files\Engine\Window\Graphics\DXERR</Filter>
    </None>
    <None Include="DXGetErrorDescription.inl">
      <Filter>Header Files\Engine\Window\Graphics\DXERR</Filter>
    </None>
    <None Include="DXTrace.inl">
      <Filter>Header Files\Engine\Window\Graphics\DXERR</Filter>
    </None>
    <None Include="assimp\include\assimp\color4.inl">
      <Filter>Header Files\Engine\Assimp</Filter>
    </None>
    <None Include="assimp\include\assimp\material.inl">
      <Filter>Header Files\Engine\Assimp</Filter>
    </None>
    <None Include="assimp\include\assimp\matrix3x3.inl">
      <Filter>Header Files\Engine\Assimp</Filter>
    </None>
    <None Include="assimp\include\assimp\matrix4x4.inl">
      <Filter>Header Files\Engine\Assimp</Filter>
    </None>
    <None Include="assimp\include\assimp\quaternion.inl">
      <Filter>Header Files\Engine\Assimp</Filter>
    </None>
    <None Include="assimp\include\assimp\SmoothingGroups.inl">
      <Filter>Header Files\Engine\Assimp</Filter>
    </None>
    <None Include="assimp\include\assimp\vector2.inl">
      <Filter>Header Files\Engine\Assimp</Filter>
    </None>
    <None Include="assimp\include\assimp\vector3.inl">
      <Filter>Header Files\Engine\Assimp</Filter>
    </None>
    <None Include="assimp-vc140-mt.dll">
      <Filter>Header Files\Engine\Assimp\dll%28s%29</Filter>
    </None>
    <None Include="zlib1.dll">
      <Filter>Header Files\Engine\Assimp\dll%28s%29</Filter>
    </None>
  </ItemGroup>
  <ItemGroup>
    <FxCompile Include="PhongPS.hlsl">
      <Filter>Header Files\Engine\Window\Graphics\Shader</Filter>
    </FxCompile>
    <FxCompile Include="SolidPS.hlsl">
      <Filter>Header Files\Engine\Window\Graphics\Shader</Filter>
    </FxCompile>
    <FxCompile Include="PhongVS.hlsl">
      <Filter>Header Files\Engine\Window\Graphics\Shader</Filter>
    </FxCompile>
    <FxCompile Include="SolidVS.hlsl">
      <Filter>Header Files\Engine\Window\Graphics\Shader</Filter>
    </FxCompile>
  </ItemGroup>
  <ItemGroup>
    <Library Include="assimp\bin\x64\assimp-vc140-mt.lib">
      <Filter>Header Files\Engine\Assimp\dll%28s%29</Filter>
    </Library>
  </ItemGroup>
</Project>